
Microsoft Visual Studio Solution File, Format Version 12.00
# Visual Studio Version 17
VisualStudioVersion = 17.1.32210.238
MinimumVisualStudioVersion = 10.0.40219.1
Project("{9A19103F-16F7-4668-BE54-9A1E7A4F7556}") = "CoJourney.DAL", "CoJourney.DAL\CoJourney.DAL.csproj", "{4A36E298-ED06-4ADD-B227-5DAE38715E5B}"
EndProject
Project("{9A19103F-16F7-4668-BE54-9A1E7A4F7556}") = "CoJourney.BL", "CoJourney.BL\CoJourney.BL.csproj", "{AC39FC8D-FD92-408F-A90E-5FC86BF72973}"
EndProject
Project("{9A19103F-16F7-4668-BE54-9A1E7A4F7556}") = "CoJourney.BL.Tests", "CoJourney.BL.Tests\CoJourney.BL.Tests.csproj", "{9B42C7CC-00B6-4DAC-B7F1-19D930A67A31}"
EndProject
Project("{2150E333-8FDC-42A3-9474-1A3956D46DE8}") = "Tests", "Tests", "{E9CBC4F1-6806-4C65-8AE1-5B51127D39AC}"
EndProject
Project("{2150E333-8FDC-42A3-9474-1A3956D46DE8}") = "App", "App", "{233200AB-104B-4390-94F4-0D96B4FE89CE}"
EndProject
Project("{9A19103F-16F7-4668-BE54-9A1E7A4F7556}") = "CoJourney.Common.Tests", "CoJourney.Common.Tests\CoJourney.Common.Tests.csproj", "{10CA8FBC-B19F-4F19-9CAC-EEF2639C884B}"
EndProject
Project("{9A19103F-16F7-4668-BE54-9A1E7A4F7556}") = "CoJourney.App", "CoJourney.App\CoJourney.App.csproj", "{64443648-2C54-4457-891E-FF2A8F7F7967}"
	ProjectSection(ProjectDependencies) = postProject
		{AC39FC8D-FD92-408F-A90E-5FC86BF72973} = {AC39FC8D-FD92-408F-A90E-5FC86BF72973}
	EndProjectSection
EndProject
Global
	GlobalSection(SolutionConfigurationPlatforms) = preSolution
		Debug|Any CPU = Debug|Any CPU
		Release|Any CPU = Release|Any CPU
	EndGlobalSection
	GlobalSection(ProjectConfigurationPlatforms) = postSolution
		{4A36E298-ED06-4ADD-B227-5DAE38715E5B}.Debug|Any CPU.ActiveCfg = Debug|Any CPU
		{4A36E298-ED06-4ADD-B227-5DAE38715E5B}.Debug|Any CPU.Build.0 = Debug|Any CPU
		{4A36E298-ED06-4ADD-B227-5DAE38715E5B}.Release|Any CPU.ActiveCfg = Release|Any CPU
		{4A36E298-ED06-4ADD-B227-5DAE38715E5B}.Release|Any CPU.Build.0 = Release|Any CPU
		{AC39FC8D-FD92-408F-A90E-5FC86BF72973}.Debug|Any CPU.ActiveCfg = Debug|Any CPU
		{AC39FC8D-FD92-408F-A90E-5FC86BF72973}.Debug|Any CPU.Build.0 = Debug|Any CPU
		{AC39FC8D-FD92-408F-A90E-5FC86BF72973}.Release|Any CPU.ActiveCfg = Release|Any CPU
		{AC39FC8D-FD92-408F-A90E-5FC86BF72973}.Release|Any CPU.Build.0 = Release|Any CPU
		{9B42C7CC-00B6-4DAC-B7F1-19D930A67A31}.Debug|Any CPU.ActiveCfg = Debug|Any CPU
		{9B42C7CC-00B6-4DAC-B7F1-19D930A67A31}.Debug|Any CPU.Build.0 = Debug|Any CPU
		{9B42C7CC-00B6-4DAC-B7F1-19D930A67A31}.Release|Any CPU.ActiveCfg = Release|Any CPU
		{9B42C7CC-00B6-4DAC-B7F1-19D930A67A31}.Release|Any CPU.Build.0 = Release|Any CPU
		{10CA8FBC-B19F-4F19-9CAC-EEF2639C884B}.Debug|Any CPU.ActiveCfg = Debug|Any CPU
		{10CA8FBC-B19F-4F19-9CAC-EEF2639C884B}.Debug|Any CPU.Build.0 = Debug|Any CPU
		{10CA8FBC-B19F-4F19-9CAC-EEF2639C884B}.Release|Any CPU.ActiveCfg = Release|Any CPU
		{10CA8FBC-B19F-4F19-9CAC-EEF2639C884B}.Release|Any CPU.Build.0 = Release|Any CPU
		{64443648-2C54-4457-891E-FF2A8F7F7967}.Debug|Any CPU.ActiveCfg = Debug|Any CPU
		{64443648-2C54-4457-891E-FF2A8F7F7967}.Debug|Any CPU.Build.0 = Debug|Any CPU
		{64443648-2C54-4457-891E-FF2A8F7F7967}.Release|Any CPU.ActiveCfg = Release|Any CPU
		{64443648-2C54-4457-891E-FF2A8F7F7967}.Release|Any CPU.Build.0 = Release|Any CPU
	EndGlobalSection
	GlobalSection(SolutionProperties) = preSolution
		HideSolutionNode = FALSE
	EndGlobalSection
	GlobalSection(NestedProjects) = preSolution
		{4A36E298-ED06-4ADD-B227-5DAE38715E5B} = {233200AB-104B-4390-94F4-0D96B4FE89CE}
		{AC39FC8D-FD92-408F-A90E-5FC86BF72973} = {233200AB-104B-4390-94F4-0D96B4FE89CE}
		{9B42C7CC-00B6-4DAC-B7F1-19D930A67A31} = {E9CBC4F1-6806-4C65-8AE1-5B51127D39AC}
		{10CA8FBC-B19F-4F19-9CAC-EEF2639C884B} = {E9CBC4F1-6806-4C65-8AE1-5B51127D39AC}
		{64443648-2C54-4457-891E-FF2A8F7F7967} = {233200AB-104B-4390-94F4-0D96B4FE89CE}
	EndGlobalSection
	GlobalSection(ExtensibilityGlobals) = postSolution
		SolutionGuid = {C60FFD77-39E5-4C88-985A-348C4F3B94A8}
	EndGlobalSection
EndGlobal
